
Microsoft Visual Studio Solution File, Format Version 12.00
# Visual Studio Version 17
VisualStudioVersion = 17.0.31903.59
MinimumVisualStudioVersion = 10.0.40219.1
Project("{2150E333-8FDC-42A3-9474-1A3956D46DE8}") = "src", "src", "{827E0CD3-B72D-47B6-A68D-7590B98EB39B}"
EndProject
Project("{FAE04EC0-301F-11D3-BF4B-00C04F79EFBC}") = "AgentLang.AST", "src\AgentLang.AST\AgentLang.AST.csproj", "{922370FF-08DA-4206-BD65-F985DD1D8141}"
EndProject
Project("{FAE04EC0-301F-11D3-BF4B-00C04F79EFBC}") = "AgentLang.Cli", "src\AgentLang.Cli\AgentLang.Cli.csproj", "{EB6AF340-6CA4-4213-A66B-7B69CB20200C}"
EndProject
Project("{FAE04EC0-301F-11D3-BF4B-00C04F79EFBC}") = "AgentLang.Lexer", "src\AgentLang.Lexer\AgentLang.Lexer.csproj", "{5A3F3DA5-3E0D-4D33-A2B3-29BDEFD57E55}"
EndProject
Project("{FAE04EC0-301F-11D3-BF4B-00C04F79EFBC}") = "AgentLang.Models", "src\AgentLang.Models\AgentLang.Models.csproj", "{C9C08808-0CCE-4911-B083-B98C47F2D6CC}"
EndProject
Project("{FAE04EC0-301F-11D3-BF4B-00C04F79EFBC}") = "AgentLang.Parser", "src\AgentLang.Parser\AgentLang.Parser.csproj", "{4B921C23-1EB6-4721-B124-B033D2459ABE}"
EndProject
Project("{FAE04EC0-301F-11D3-BF4B-00C04F79EFBC}") = "AgentLang.Runtime", "src\AgentLang.Runtime\AgentLang.Runtime.csproj", "{CFF0B431-D156-4F6D-ABE1-1BF6CAE2A6E3}"
EndProject
Project("{FAE04EC0-301F-11D3-BF4B-00C04F79EFBC}") = "AgentLang.Security", "src\AgentLang.Security\AgentLang.Security.csproj", "{C1B5B1B6-1F47-4567-86CD-D3EB20C89A79}"
EndProject
Project("{FAE04EC0-301F-11D3-BF4B-00C04F79EFBC}") = "AgentLang.Semantic", "src\AgentLang.Semantic\AgentLang.Semantic.csproj", "{762A4DBC-C8A3-46E3-91D6-0109A657D2C5}"
EndProject
Project("{FAE04EC0-301F-11D3-BF4B-00C04F79EFBC}") = "AgentLang.Tools", "src\AgentLang.Tools\AgentLang.Tools.csproj", "{28B51EEC-8A56-46FE-A121-C5449670EDC1}"
EndProject
Project("{2150E333-8FDC-42A3-9474-1A3956D46DE8}") = "tests", "tests", "{0AB3BF05-4346-4AA6-1389-037BE0695223}"
EndProject
Project("{FAE04EC0-301F-11D3-BF4B-00C04F79EFBC}") = "AgentLang.IntegrationTests", "tests\AgentLang.IntegrationTests\AgentLang.IntegrationTests.csproj", "{5110EE7E-52F8-4720-BAD8-345FDB167A3D}"
EndProject
Project("{FAE04EC0-301F-11D3-BF4B-00C04F79EFBC}") = "AgentLang.Tests", "tests\AgentLang.Tests\AgentLang.Tests.csproj", "{0F4DB243-8E8F-4869-8EB1-FB323E921E49}"
EndProject
Global
	GlobalSection(SolutionConfigurationPlatforms) = preSolution
		Debug|Any CPU = Debug|Any CPU
		Debug|x64 = Debug|x64
		Debug|x86 = Debug|x86
		Release|Any CPU = Release|Any CPU
		Release|x64 = Release|x64
		Release|x86 = Release|x86
	EndGlobalSection
	GlobalSection(ProjectConfigurationPlatforms) = postSolution
		{922370FF-08DA-4206-BD65-F985DD1D8141}.Debug|Any CPU.ActiveCfg = Debug|Any CPU
		{922370FF-08DA-4206-BD65-F985DD1D8141}.Debug|Any CPU.Build.0 = Debug|Any CPU
		{922370FF-08DA-4206-BD65-F985DD1D8141}.Debug|x64.ActiveCfg = Debug|Any CPU
		{922370FF-08DA-4206-BD65-F985DD1D8141}.Debug|x64.Build.0 = Debug|Any CPU
		{922370FF-08DA-4206-BD65-F985DD1D8141}.Debug|x86.ActiveCfg = Debug|Any CPU
		{922370FF-08DA-4206-BD65-F985DD1D8141}.Debug|x86.Build.0 = Debug|Any CPU
		{922370FF-08DA-4206-BD65-F985DD1D8141}.Release|Any CPU.ActiveCfg = Release|Any CPU
		{922370FF-08DA-4206-BD65-F985DD1D8141}.Release|Any CPU.Build.0 = Release|Any CPU
		{922370FF-08DA-4206-BD65-F985DD1D8141}.Release|x64.ActiveCfg = Release|Any CPU
		{922370FF-08DA-4206-BD65-F985DD1D8141}.Release|x64.Build.0 = Release|Any CPU
		{922370FF-08DA-4206-BD65-F985DD1D8141}.Release|x86.ActiveCfg = Release|Any CPU
		{922370FF-08DA-4206-BD65-F985DD1D8141}.Release|x86.Build.0 = Release|Any CPU
		{EB6AF340-6CA4-4213-A66B-7B69CB20200C}.Debug|Any CPU.ActiveCfg = Debug|Any CPU
		{EB6AF340-6CA4-4213-A66B-7B69CB20200C}.Debug|Any CPU.Build.0 = Debug|Any CPU
		{EB6AF340-6CA4-4213-A66B-7B69CB20200C}.Debug|x64.ActiveCfg = Debug|Any CPU
		{EB6AF340-6CA4-4213-A66B-7B69CB20200C}.Debug|x64.Build.0 = Debug|Any CPU
		{EB6AF340-6CA4-4213-A66B-7B69CB20200C}.Debug|x86.ActiveCfg = Debug|Any CPU
		{EB6AF340-6CA4-4213-A66B-7B69CB20200C}.Debug|x86.Build.0 = Debug|Any CPU
		{EB6AF340-6CA4-4213-A66B-7B69CB20200C}.Release|Any CPU.ActiveCfg = Release|Any CPU
		{EB6AF340-6CA4-4213-A66B-7B69CB20200C}.Release|Any CPU.Build.0 = Release|Any CPU
		{EB6AF340-6CA4-4213-A66B-7B69CB20200C}.Release|x64.ActiveCfg = Release|Any CPU
		{EB6AF340-6CA4-4213-A66B-7B69CB20200C}.Release|x64.Build.0 = Release|Any CPU
		{EB6AF340-6CA4-4213-A66B-7B69CB20200C}.Release|x86.ActiveCfg = Release|Any CPU
		{EB6AF340-6CA4-4213-A66B-7B69CB20200C}.Release|x86.Build.0 = Release|Any CPU
		{5A3F3DA5-3E0D-4D33-A2B3-29BDEFD57E55}.Debug|Any CPU.ActiveCfg = Debug|Any CPU
		{5A3F3DA5-3E0D-4D33-A2B3-29BDEFD57E55}.Debug|Any CPU.Build.0 = Debug|Any CPU
		{5A3F3DA5-3E0D-4D33-A2B3-29BDEFD57E55}.Debug|x64.ActiveCfg = Debug|Any CPU
		{5A3F3DA5-3E0D-4D33-A2B3-29BDEFD57E55}.Debug|x64.Build.0 = Debug|Any CPU
		{5A3F3DA5-3E0D-4D33-A2B3-29BDEFD57E55}.Debug|x86.ActiveCfg = Debug|Any CPU
		{5A3F3DA5-3E0D-4D33-A2B3-29BDEFD57E55}.Debug|x86.Build.0 = Debug|Any CPU
		{5A3F3DA5-3E0D-4D33-A2B3-29BDEFD57E55}.Release|Any CPU.ActiveCfg = Release|Any CPU
		{5A3F3DA5-3E0D-4D33-A2B3-29BDEFD57E55}.Release|Any CPU.Build.0 = Release|Any CPU
		{5A3F3DA5-3E0D-4D33-A2B3-29BDEFD57E55}.Release|x64.ActiveCfg = Release|Any CPU
		{5A3F3DA5-3E0D-4D33-A2B3-29BDEFD57E55}.Release|x64.Build.0 = Release|Any CPU
		{5A3F3DA5-3E0D-4D33-A2B3-29BDEFD57E55}.Release|x86.ActiveCfg = Release|Any CPU
		{5A3F3DA5-3E0D-4D33-A2B3-29BDEFD57E55}.Release|x86.Build.0 = Release|Any CPU
		{C9C08808-0CCE-4911-B083-B98C47F2D6CC}.Debug|Any CPU.ActiveCfg = Debug|Any CPU
		{C9C08808-0CCE-4911-B083-B98C47F2D6CC}.Debug|Any CPU.Build.0 = Debug|Any CPU
		{C9C08808-0CCE-4911-B083-B98C47F2D6CC}.Debug|x64.ActiveCfg = Debug|Any CPU
		{C9C08808-0CCE-4911-B083-B98C47F2D6CC}.Debug|x64.Build.0 = Debug|Any CPU
		{C9C08808-0CCE-4911-B083-B98C47F2D6CC}.Debug|x86.ActiveCfg = Debug|Any CPU
		{C9C08808-0CCE-4911-B083-B98C47F2D6CC}.Debug|x86.Build.0 = Debug|Any CPU
		{C9C08808-0CCE-4911-B083-B98C47F2D6CC}.Release|Any CPU.ActiveCfg = Release|Any CPU
		{C9C08808-0CCE-4911-B083-B98C47F2D6CC}.Release|Any CPU.Build.0 = Release|Any CPU
		{C9C08808-0CCE-4911-B083-B98C47F2D6CC}.Release|x64.ActiveCfg = Release|Any CPU
		{C9C08808-0CCE-4911-B083-B98C47F2D6CC}.Release|x64.Build.0 = Release|Any CPU
		{C9C08808-0CCE-4911-B083-B98C47F2D6CC}.Release|x86.ActiveCfg = Release|Any CPU
		{C9C08808-0CCE-4911-B083-B98C47F2D6CC}.Release|x86.Build.0 = Release|Any CPU
		{4B921C23-1EB6-4721-B124-B033D2459ABE}.Debug|Any CPU.ActiveCfg = Debug|Any CPU
		{4B921C23-1EB6-4721-B124-B033D2459ABE}.Debug|Any CPU.Build.0 = Debug|Any CPU
		{4B921C23-1EB6-4721-B124-B033D2459ABE}.Debug|x64.ActiveCfg = Debug|Any CPU
		{4B921C23-1EB6-4721-B124-B033D2459ABE}.Debug|x64.Build.0 = Debug|Any CPU
		{4B921C23-1EB6-4721-B124-B033D2459ABE}.Debug|x86.ActiveCfg = Debug|Any CPU
		{4B921C23-1EB6-4721-B124-B033D2459ABE}.Debug|x86.Build.0 = Debug|Any CPU
		{4B921C23-1EB6-4721-B124-B033D2459ABE}.Release|Any CPU.ActiveCfg = Release|Any CPU
		{4B921C23-1EB6-4721-B124-B033D2459ABE}.Release|Any CPU.Build.0 = Release|Any CPU
		{4B921C23-1EB6-4721-B124-B033D2459ABE}.Release|x64.ActiveCfg = Release|Any CPU
		{4B921C23-1EB6-4721-B124-B033D2459ABE}.Release|x64.Build.0 = Release|Any CPU
		{4B921C23-1EB6-4721-B124-B033D2459ABE}.Release|x86.ActiveCfg = Release|Any CPU
		{4B921C23-1EB6-4721-B124-B033D2459ABE}.Release|x86.Build.0 = Release|Any CPU
		{CFF0B431-D156-4F6D-ABE1-1BF6CAE2A6E3}.Debug|Any CPU.ActiveCfg = Debug|Any CPU
		{CFF0B431-D156-4F6D-ABE1-1BF6CAE2A6E3}.Debug|Any CPU.Build.0 = Debug|Any CPU
		{CFF0B431-D156-4F6D-ABE1-1BF6CAE2A6E3}.Debug|x64.ActiveCfg = Debug|Any CPU
		{CFF0B431-D156-4F6D-ABE1-1BF6CAE2A6E3}.Debug|x64.Build.0 = Debug|Any CPU
		{CFF0B431-D156-4F6D-ABE1-1BF6CAE2A6E3}.Debug|x86.ActiveCfg = Debug|Any CPU
		{CFF0B431-D156-4F6D-ABE1-1BF6CAE2A6E3}.Debug|x86.Build.0 = Debug|Any CPU
		{CFF0B431-D156-4F6D-ABE1-1BF6CAE2A6E3}.Release|Any CPU.ActiveCfg = Release|Any CPU
		{CFF0B431-D156-4F6D-ABE1-1BF6CAE2A6E3}.Release|Any CPU.Build.0 = Release|Any CPU
		{CFF0B431-D156-4F6D-ABE1-1BF6CAE2A6E3}.Release|x64.ActiveCfg = Release|Any CPU
		{CFF0B431-D156-4F6D-ABE1-1BF6CAE2A6E3}.Release|x64.Build.0 = Release|Any CPU
		{CFF0B431-D156-4F6D-ABE1-1BF6CAE2A6E3}.Release|x86.ActiveCfg = Release|Any CPU
		{CFF0B431-D156-4F6D-ABE1-1BF6CAE2A6E3}.Release|x86.Build.0 = Release|Any CPU
		{C1B5B1B6-1F47-4567-86CD-D3EB20C89A79}.Debug|Any CPU.ActiveCfg = Debug|Any CPU
		{C1B5B1B6-1F47-4567-86CD-D3EB20C89A79}.Debug|Any CPU.Build.0 = Debug|Any CPU
		{C1B5B1B6-1F47-4567-86CD-D3EB20C89A79}.Debug|x64.ActiveCfg = Debug|Any CPU
		{C1B5B1B6-1F47-4567-86CD-D3EB20C89A79}.Debug|x64.Build.0 = Debug|Any CPU
		{C1B5B1B6-1F47-4567-86CD-D3EB20C89A79}.Debug|x86.ActiveCfg = Debug|Any CPU
		{C1B5B1B6-1F47-4567-86CD-D3EB20C89A79}.Debug|x86.Build.0 = Debug|Any CPU
		{C1B5B1B6-1F47-4567-86CD-D3EB20C89A79}.Release|Any CPU.ActiveCfg = Release|Any CPU
		{C1B5B1B6-1F47-4567-86CD-D3EB20C89A79}.Release|Any CPU.Build.0 = Release|Any CPU
		{C1B5B1B6-1F47-4567-86CD-D3EB20C89A79}.Release|x64.ActiveCfg = Release|Any CPU
		{C1B5B1B6-1F47-4567-86CD-D3EB20C89A79}.Release|x64.Build.0 = Release|Any CPU
		{C1B5B1B6-1F47-4567-86CD-D3EB20C89A79}.Release|x86.ActiveCfg = Release|Any CPU
		{C1B5B1B6-1F47-4567-86CD-D3EB20C89A79}.Release|x86.Build.0 = Release|Any CPU
		{762A4DBC-C8A3-46E3-91D6-0109A657D2C5}.Debug|Any CPU.ActiveCfg = Debug|Any CPU
		{762A4DBC-C8A3-46E3-91D6-0109A657D2C5}.Debug|Any CPU.Build.0 = Debug|Any CPU
		{762A4DBC-C8A3-46E3-91D6-0109A657D2C5}.Debug|x64.ActiveCfg = Debug|Any CPU
		{762A4DBC-C8A3-46E3-91D6-0109A657D2C5}.Debug|x64.Build.0 = Debug|Any CPU
		{762A4DBC-C8A3-46E3-91D6-0109A657D2C5}.Debug|x86.ActiveCfg = Debug|Any CPU
		{762A4DBC-C8A3-46E3-91D6-0109A657D2C5}.Debug|x86.Build.0 = Debug|Any CPU
		{762A4DBC-C8A3-46E3-91D6-0109A657D2C5}.Release|Any CPU.ActiveCfg = Release|Any CPU
		{762A4DBC-C8A3-46E3-91D6-0109A657D2C5}.Release|Any CPU.Build.0 = Release|Any CPU
		{762A4DBC-C8A3-46E3-91D6-0109A657D2C5}.Release|x64.ActiveCfg = Release|Any CPU
		{762A4DBC-C8A3-46E3-91D6-0109A657D2C5}.Release|x64.Build.0 = Release|Any CPU
		{762A4DBC-C8A3-46E3-91D6-0109A657D2C5}.Release|x86.ActiveCfg = Release|Any CPU
		{762A4DBC-C8A3-46E3-91D6-0109A657D2C5}.Release|x86.Build.0 = Release|Any CPU
		{28B51EEC-8A56-46FE-A121-C5449670EDC1}.Debug|Any CPU.ActiveCfg = Debug|Any CPU
		{28B51EEC-8A56-46FE-A121-C5449670EDC1}.Debug|Any CPU.Build.0 = Debug|Any CPU
		{28B51EEC-8A56-46FE-A121-C5449670EDC1}.Debug|x64.ActiveCfg = Debug|Any CPU
		{28B51EEC-8A56-46FE-A121-C5449670EDC1}.Debug|x64.Build.0 = Debug|Any CPU
		{28B51EEC-8A56-46FE-A121-C5449670EDC1}.Debug|x86.ActiveCfg = Debug|Any CPU
		{28B51EEC-8A56-46FE-A121-C5449670EDC1}.Debug|x86.Build.0 = Debug|Any CPU
		{28B51EEC-8A56-46FE-A121-C5449670EDC1}.Release|Any CPU.ActiveCfg = Release|Any CPU
		{28B51EEC-8A56-46FE-A121-C5449670EDC1}.Release|Any CPU.Build.0 = Release|Any CPU
		{28B51EEC-8A56-46FE-A121-C5449670EDC1}.Release|x64.ActiveCfg = Release|Any CPU
		{28B51EEC-8A56-46FE-A121-C5449670EDC1}.Release|x64.Build.0 = Release|Any CPU
		{28B51EEC-8A56-46FE-A121-C5449670EDC1}.Release|x86.ActiveCfg = Release|Any CPU
		{28B51EEC-8A56-46FE-A121-C5449670EDC1}.Release|x86.Build.0 = Release|Any CPU
		{5110EE7E-52F8-4720-BAD8-345FDB167A3D}.Debug|Any CPU.ActiveCfg = Debug|Any CPU
		{5110EE7E-52F8-4720-BAD8-345FDB167A3D}.Debug|Any CPU.Build.0 = Debug|Any CPU
		{5110EE7E-52F8-4720-BAD8-345FDB167A3D}.Debug|x64.ActiveCfg = Debug|Any CPU
		{5110EE7E-52F8-4720-BAD8-345FDB167A3D}.Debug|x64.Build.0 = Debug|Any CPU
		{5110EE7E-52F8-4720-BAD8-345FDB167A3D}.Debug|x86.ActiveCfg = Debug|Any CPU
		{5110EE7E-52F8-4720-BAD8-345FDB167A3D}.Debug|x86.Build.0 = Debug|Any CPU
		{5110EE7E-52F8-4720-BAD8-345FDB167A3D}.Release|Any CPU.ActiveCfg = Release|Any CPU
		{5110EE7E-52F8-4720-BAD8-345FDB167A3D}.Release|Any CPU.Build.0 = Release|Any CPU
		{5110EE7E-52F8-4720-BAD8-345FDB167A3D}.Release|x64.ActiveCfg = Release|Any CPU
		{5110EE7E-52F8-4720-BAD8-345FDB167A3D}.Release|x64.Build.0 = Release|Any CPU
		{5110EE7E-52F8-4720-BAD8-345FDB167A3D}.Release|x86.ActiveCfg = Release|Any CPU
		{5110EE7E-52F8-4720-BAD8-345FDB167A3D}.Release|x86.Build.0 = Release|Any CPU
		{0F4DB243-8E8F-4869-8EB1-FB323E921E49}.Debug|Any CPU.ActiveCfg = Debug|Any CPU
		{0F4DB243-8E8F-4869-8EB1-FB323E921E49}.Debug|Any CPU.Build.0 = Debug|Any CPU
		{0F4DB243-8E8F-4869-8EB1-FB323E921E49}.Debug|x64.ActiveCfg = Debug|Any CPU
		{0F4DB243-8E8F-4869-8EB1-FB323E921E49}.Debug|x64.Build.0 = Debug|Any CPU
		{0F4DB243-8E8F-4869-8EB1-FB323E921E49}.Debug|x86.ActiveCfg = Debug|Any CPU
		{0F4DB243-8E8F-4869-8EB1-FB323E921E49}.Debug|x86.Build.0 = Debug|Any CPU
		{0F4DB243-8E8F-4869-8EB1-FB323E921E49}.Release|Any CPU.ActiveCfg = Release|Any CPU
		{0F4DB243-8E8F-4869-8EB1-FB323E921E49}.Release|Any CPU.Build.0 = Release|Any CPU
		{0F4DB243-8E8F-4869-8EB1-FB323E921E49}.Release|x64.ActiveCfg = Release|Any CPU
		{0F4DB243-8E8F-4869-8EB1-FB323E921E49}.Release|x64.Build.0 = Release|Any CPU
		{0F4DB243-8E8F-4869-8EB1-FB323E921E49}.Release|x86.ActiveCfg = Release|Any CPU
		{0F4DB243-8E8F-4869-8EB1-FB323E921E49}.Release|x86.Build.0 = Release|Any CPU
	EndGlobalSection
	GlobalSection(SolutionProperties) = preSolution
		HideSolutionNode = FALSE
	EndGlobalSection
	GlobalSection(NestedProjects) = preSolution
		{922370FF-08DA-4206-BD65-F985DD1D8141} = {827E0CD3-B72D-47B6-A68D-7590B98EB39B}
		{EB6AF340-6CA4-4213-A66B-7B69CB20200C} = {827E0CD3-B72D-47B6-A68D-7590B98EB39B}
		{5A3F3DA5-3E0D-4D33-A2B3-29BDEFD57E55} = {827E0CD3-B72D-47B6-A68D-7590B98EB39B}
		{C9C08808-0CCE-4911-B083-B98C47F2D6CC} = {827E0CD3-B72D-47B6-A68D-7590B98EB39B}
		{4B921C23-1EB6-4721-B124-B033D2459ABE} = {827E0CD3-B72D-47B6-A68D-7590B98EB39B}
		{CFF0B431-D156-4F6D-ABE1-1BF6CAE2A6E3} = {827E0CD3-B72D-47B6-A68D-7590B98EB39B}
		{C1B5B1B6-1F47-4567-86CD-D3EB20C89A79} = {827E0CD3-B72D-47B6-A68D-7590B98EB39B}
		{762A4DBC-C8A3-46E3-91D6-0109A657D2C5} = {827E0CD3-B72D-47B6-A68D-7590B98EB39B}
		{28B51EEC-8A56-46FE-A121-C5449670EDC1} = {827E0CD3-B72D-47B6-A68D-7590B98EB39B}
		{5110EE7E-52F8-4720-BAD8-345FDB167A3D} = {0AB3BF05-4346-4AA6-1389-037BE0695223}
		{0F4DB243-8E8F-4869-8EB1-FB323E921E49} = {0AB3BF05-4346-4AA6-1389-037BE0695223}
	EndGlobalSection
EndGlobal
